// !$*UTF8*$!
{
	archiveVersion = 1;
	classes = {
	};
	objectVersion = 55;
	objects = {

/* Begin PBXBuildFile section */
		AF04C82A27BFDE45007D5C26 /* PostsViewModel.swift in Sources */ = {isa = PBXBuildFile; fileRef = AF04C82927BFDE45007D5C26 /* PostsViewModel.swift */; };
		AF12EE8127C52EEC005D2CFA /* CoreDataManager.swift in Sources */ = {isa = PBXBuildFile; fileRef = AF12EE8027C52EEC005D2CFA /* CoreDataManager.swift */; };
		AF12EE8427C5339D005D2CFA /* AppCoordinator.swift in Sources */ = {isa = PBXBuildFile; fileRef = AF12EE8327C5339D005D2CFA /* AppCoordinator.swift */; };
		AF12EE8627C533E6005D2CFA /* MainCoordinator.swift in Sources */ = {isa = PBXBuildFile; fileRef = AF12EE8527C533E6005D2CFA /* MainCoordinator.swift */; };
		AF12EE8827C534D4005D2CFA /* MainViewController.swift in Sources */ = {isa = PBXBuildFile; fileRef = AF12EE8727C534D4005D2CFA /* MainViewController.swift */; };
		AF12EE8B27C53581005D2CFA /* UIViewController+Extensions.swift in Sources */ = {isa = PBXBuildFile; fileRef = AF12EE8A27C53581005D2CFA /* UIViewController+Extensions.swift */; };
		AF12EE8D27C53667005D2CFA /* MainViewModel.swift in Sources */ = {isa = PBXBuildFile; fileRef = AF12EE8C27C53667005D2CFA /* MainViewModel.swift */; };
		AF12EE8F27C53786005D2CFA /* MenuCellViewModel.swift in Sources */ = {isa = PBXBuildFile; fileRef = AF12EE8E27C53786005D2CFA /* MenuCellViewModel.swift */; };
		AF12EE9227C5461A005D2CFA /* MenuCell.swift in Sources */ = {isa = PBXBuildFile; fileRef = AF12EE9127C5461A005D2CFA /* MenuCell.swift */; };
		AF12EE9427C5476C005D2CFA /* UIView+Extensions.swift in Sources */ = {isa = PBXBuildFile; fileRef = AF12EE9327C5476C005D2CFA /* UIView+Extensions.swift */; };
		AF12EE9627C56251005D2CFA /* PostsCoordinator.swift in Sources */ = {isa = PBXBuildFile; fileRef = AF12EE9527C56251005D2CFA /* PostsCoordinator.swift */; };
		AF12EE9827C57363005D2CFA /* PostCellViewModel.swift in Sources */ = {isa = PBXBuildFile; fileRef = AF12EE9727C57363005D2CFA /* PostCellViewModel.swift */; };
		AF12EE9A27C57841005D2CFA /* PostsViewController.swift in Sources */ = {isa = PBXBuildFile; fileRef = AF12EE9927C57841005D2CFA /* PostsViewController.swift */; };
		AF12EE9C27C57A54005D2CFA /* PostCell.swift in Sources */ = {isa = PBXBuildFile; fileRef = AF12EE9B27C57A54005D2CFA /* PostCell.swift */; };
		AF12EE9E27C590B5005D2CFA /* PostItemViewController.swift in Sources */ = {isa = PBXBuildFile; fileRef = AF12EE9D27C590B5005D2CFA /* PostItemViewController.swift */; };
		AF12EEA027C590F0005D2CFA /* PostItemViewModel.swift in Sources */ = {isa = PBXBuildFile; fileRef = AF12EE9F27C590F0005D2CFA /* PostItemViewModel.swift */; };
		AF12EEA227C59379005D2CFA /* PostItemCoordinator.swift in Sources */ = {isa = PBXBuildFile; fileRef = AF12EEA127C59379005D2CFA /* PostItemCoordinator.swift */; };
		AF12EEA427C5BB4E005D2CFA /* AlbumService.swift in Sources */ = {isa = PBXBuildFile; fileRef = AF12EEA327C5BB4E005D2CFA /* AlbumService.swift */; };
		AF12EEA627C5BB5D005D2CFA /* TodoService.swift in Sources */ = {isa = PBXBuildFile; fileRef = AF12EEA527C5BB5D005D2CFA /* TodoService.swift */; };
		AF759D1527BB45510028A5A3 /* AppDelegate.swift in Sources */ = {isa = PBXBuildFile; fileRef = AF759D1427BB45510028A5A3 /* AppDelegate.swift */; };
		AF759D1727BB45510028A5A3 /* SceneDelegate.swift in Sources */ = {isa = PBXBuildFile; fileRef = AF759D1627BB45510028A5A3 /* SceneDelegate.swift */; };
		AF759D1C27BB45510028A5A3 /* Main.storyboard in Resources */ = {isa = PBXBuildFile; fileRef = AF759D1A27BB45510028A5A3 /* Main.storyboard */; };
		AF759D1F27BB45510028A5A3 /* FrameworkTest.xcdatamodeld in Sources */ = {isa = PBXBuildFile; fileRef = AF759D1D27BB45510028A5A3 /* FrameworkTest.xcdatamodeld */; };
		AF759D2127BB45520028A5A3 /* Assets.xcassets in Resources */ = {isa = PBXBuildFile; fileRef = AF759D2027BB45520028A5A3 /* Assets.xcassets */; };
		AF759D2427BB45520028A5A3 /* LaunchScreen.storyboard in Resources */ = {isa = PBXBuildFile; fileRef = AF759D2227BB45520028A5A3 /* LaunchScreen.storyboard */; };
		AF7FC41627C65C4E0028720B /* AlbumsCoordinator.swift in Sources */ = {isa = PBXBuildFile; fileRef = AF7FC41527C65C4E0028720B /* AlbumsCoordinator.swift */; };
		AF7FC41827C65EA50028720B /* AlbumsViewController.swift in Sources */ = {isa = PBXBuildFile; fileRef = AF7FC41727C65EA50028720B /* AlbumsViewController.swift */; };
		AF7FC41A27C660730028720B /* AlbumsViewModel.swift in Sources */ = {isa = PBXBuildFile; fileRef = AF7FC41927C660730028720B /* AlbumsViewModel.swift */; };
		AF7FC41C27C661840028720B /* AlbumCellViewModel.swift in Sources */ = {isa = PBXBuildFile; fileRef = AF7FC41B27C661840028720B /* AlbumCellViewModel.swift */; };
		AF7FC41E27C6624F0028720B /* AlbumCell.swift in Sources */ = {isa = PBXBuildFile; fileRef = AF7FC41D27C6624F0028720B /* AlbumCell.swift */; };
		AF7FC42027C66AFB0028720B /* TodosCoordinator.swift in Sources */ = {isa = PBXBuildFile; fileRef = AF7FC41F27C66AFB0028720B /* TodosCoordinator.swift */; };
		AF7FC42227C66CF40028720B /* TodosViewController.swift in Sources */ = {isa = PBXBuildFile; fileRef = AF7FC42127C66CF40028720B /* TodosViewController.swift */; };
		AF7FC42427C66E670028720B /* TodosViewModel.swift in Sources */ = {isa = PBXBuildFile; fileRef = AF7FC42327C66E670028720B /* TodosViewModel.swift */; };
		AF7FC42627C66E7E0028720B /* TodoCellViewModel.swift in Sources */ = {isa = PBXBuildFile; fileRef = AF7FC42527C66E7E0028720B /* TodoCellViewModel.swift */; };
		AF7FC42827C66E900028720B /* TodoCell.swift in Sources */ = {isa = PBXBuildFile; fileRef = AF7FC42727C66E900028720B /* TodoCell.swift */; };
		AF8F492A27BF1D0100EF057B /* APILoader.swift in Sources */ = {isa = PBXBuildFile; fileRef = AF8F492927BF1D0100EF057B /* APILoader.swift */; };
		AF8F493027BF221000EF057B /* APIHandler.swift in Sources */ = {isa = PBXBuildFile; fileRef = AF8F492F27BF221000EF057B /* APIHandler.swift */; };
		AF8F493227BF31F300EF057B /* Codables.swift in Sources */ = {isa = PBXBuildFile; fileRef = AF8F493127BF31F300EF057B /* Codables.swift */; };
		AF8F493427BF36BE00EF057B /* PostService.swift in Sources */ = {isa = PBXBuildFile; fileRef = AF8F493327BF36BE00EF057B /* PostService.swift */; };
		AF9FB49427BECC2000BD5D44 /* Constants.swift in Sources */ = {isa = PBXBuildFile; fileRef = AF9FB49327BECC2000BD5D44 /* Constants.swift */; };
/* End PBXBuildFile section */

/* Begin PBXFileReference section */
		AF04C82927BFDE45007D5C26 /* PostsViewModel.swift */ = {isa = PBXFileReference; lastKnownFileType = sourcecode.swift; path = PostsViewModel.swift; sourceTree = "<group>"; };
		AF12EE8027C52EEC005D2CFA /* CoreDataManager.swift */ = {isa = PBXFileReference; lastKnownFileType = sourcecode.swift; path = CoreDataManager.swift; sourceTree = "<group>"; };
		AF12EE8327C5339D005D2CFA /* AppCoordinator.swift */ = {isa = PBXFileReference; lastKnownFileType = sourcecode.swift; path = AppCoordinator.swift; sourceTree = "<group>"; };
		AF12EE8527C533E6005D2CFA /* MainCoordinator.swift */ = {isa = PBXFileReference; lastKnownFileType = sourcecode.swift; path = MainCoordinator.swift; sourceTree = "<group>"; };
		AF12EE8727C534D4005D2CFA /* MainViewController.swift */ = {isa = PBXFileReference; lastKnownFileType = sourcecode.swift; path = MainViewController.swift; sourceTree = "<group>"; };
		AF12EE8A27C53581005D2CFA /* UIViewController+Extensions.swift */ = {isa = PBXFileReference; lastKnownFileType = sourcecode.swift; path = "UIViewController+Extensions.swift"; sourceTree = "<group>"; };
		AF12EE8C27C53667005D2CFA /* MainViewModel.swift */ = {isa = PBXFileReference; lastKnownFileType = sourcecode.swift; path = MainViewModel.swift; sourceTree = "<group>"; };
		AF12EE8E27C53786005D2CFA /* MenuCellViewModel.swift */ = {isa = PBXFileReference; lastKnownFileType = sourcecode.swift; path = MenuCellViewModel.swift; sourceTree = "<group>"; };
		AF12EE9127C5461A005D2CFA /* MenuCell.swift */ = {isa = PBXFileReference; lastKnownFileType = sourcecode.swift; path = MenuCell.swift; sourceTree = "<group>"; };
		AF12EE9327C5476C005D2CFA /* UIView+Extensions.swift */ = {isa = PBXFileReference; lastKnownFileType = sourcecode.swift; path = "UIView+Extensions.swift"; sourceTree = "<group>"; };
		AF12EE9527C56251005D2CFA /* PostsCoordinator.swift */ = {isa = PBXFileReference; lastKnownFileType = sourcecode.swift; path = PostsCoordinator.swift; sourceTree = "<group>"; };
		AF12EE9727C57363005D2CFA /* PostCellViewModel.swift */ = {isa = PBXFileReference; lastKnownFileType = sourcecode.swift; path = PostCellViewModel.swift; sourceTree = "<group>"; };
		AF12EE9927C57841005D2CFA /* PostsViewController.swift */ = {isa = PBXFileReference; lastKnownFileType = sourcecode.swift; path = PostsViewController.swift; sourceTree = "<group>"; };
		AF12EE9B27C57A54005D2CFA /* PostCell.swift */ = {isa = PBXFileReference; lastKnownFileType = sourcecode.swift; path = PostCell.swift; sourceTree = "<group>"; };
		AF12EE9D27C590B5005D2CFA /* PostItemViewController.swift */ = {isa = PBXFileReference; lastKnownFileType = sourcecode.swift; path = PostItemViewController.swift; sourceTree = "<group>"; };
		AF12EE9F27C590F0005D2CFA /* PostItemViewModel.swift */ = {isa = PBXFileReference; lastKnownFileType = sourcecode.swift; path = PostItemViewModel.swift; sourceTree = "<group>"; };
		AF12EEA127C59379005D2CFA /* PostItemCoordinator.swift */ = {isa = PBXFileReference; lastKnownFileType = sourcecode.swift; path = PostItemCoordinator.swift; sourceTree = "<group>"; };
		AF12EEA327C5BB4E005D2CFA /* AlbumService.swift */ = {isa = PBXFileReference; lastKnownFileType = sourcecode.swift; path = AlbumService.swift; sourceTree = "<group>"; };
		AF12EEA527C5BB5D005D2CFA /* TodoService.swift */ = {isa = PBXFileReference; lastKnownFileType = sourcecode.swift; path = TodoService.swift; sourceTree = "<group>"; };
		AF759D1127BB45510028A5A3 /* FrameworkTest.app */ = {isa = PBXFileReference; explicitFileType = wrapper.application; includeInIndex = 0; path = FrameworkTest.app; sourceTree = BUILT_PRODUCTS_DIR; };
		AF759D1427BB45510028A5A3 /* AppDelegate.swift */ = {isa = PBXFileReference; lastKnownFileType = sourcecode.swift; path = AppDelegate.swift; sourceTree = "<group>"; };
		AF759D1627BB45510028A5A3 /* SceneDelegate.swift */ = {isa = PBXFileReference; lastKnownFileType = sourcecode.swift; path = SceneDelegate.swift; sourceTree = "<group>"; };
		AF759D1B27BB45510028A5A3 /* Base */ = {isa = PBXFileReference; lastKnownFileType = file.storyboard; name = Base; path = Base.lproj/Main.storyboard; sourceTree = "<group>"; };
		AF759D1E27BB45510028A5A3 /* FrameworkTest.xcdatamodel */ = {isa = PBXFileReference; lastKnownFileType = wrapper.xcdatamodel; path = FrameworkTest.xcdatamodel; sourceTree = "<group>"; };
		AF759D2027BB45520028A5A3 /* Assets.xcassets */ = {isa = PBXFileReference; lastKnownFileType = folder.assetcatalog; path = Assets.xcassets; sourceTree = "<group>"; };
		AF759D2327BB45520028A5A3 /* Base */ = {isa = PBXFileReference; lastKnownFileType = file.storyboard; name = Base; path = Base.lproj/LaunchScreen.storyboard; sourceTree = "<group>"; };
		AF759D2527BB45520028A5A3 /* Info.plist */ = {isa = PBXFileReference; lastKnownFileType = text.plist.xml; path = Info.plist; sourceTree = "<group>"; };
		AF7FC41527C65C4E0028720B /* AlbumsCoordinator.swift */ = {isa = PBXFileReference; lastKnownFileType = sourcecode.swift; path = AlbumsCoordinator.swift; sourceTree = "<group>"; };
		AF7FC41727C65EA50028720B /* AlbumsViewController.swift */ = {isa = PBXFileReference; lastKnownFileType = sourcecode.swift; path = AlbumsViewController.swift; sourceTree = "<group>"; };
		AF7FC41927C660730028720B /* AlbumsViewModel.swift */ = {isa = PBXFileReference; lastKnownFileType = sourcecode.swift; path = AlbumsViewModel.swift; sourceTree = "<group>"; };
		AF7FC41B27C661840028720B /* AlbumCellViewModel.swift */ = {isa = PBXFileReference; lastKnownFileType = sourcecode.swift; path = AlbumCellViewModel.swift; sourceTree = "<group>"; };
		AF7FC41D27C6624F0028720B /* AlbumCell.swift */ = {isa = PBXFileReference; lastKnownFileType = sourcecode.swift; path = AlbumCell.swift; sourceTree = "<group>"; };
		AF7FC41F27C66AFB0028720B /* TodosCoordinator.swift */ = {isa = PBXFileReference; lastKnownFileType = sourcecode.swift; path = TodosCoordinator.swift; sourceTree = "<group>"; };
		AF7FC42127C66CF40028720B /* TodosViewController.swift */ = {isa = PBXFileReference; lastKnownFileType = sourcecode.swift; path = TodosViewController.swift; sourceTree = "<group>"; };
		AF7FC42327C66E670028720B /* TodosViewModel.swift */ = {isa = PBXFileReference; lastKnownFileType = sourcecode.swift; path = TodosViewModel.swift; sourceTree = "<group>"; };
		AF7FC42527C66E7E0028720B /* TodoCellViewModel.swift */ = {isa = PBXFileReference; lastKnownFileType = sourcecode.swift; path = TodoCellViewModel.swift; sourceTree = "<group>"; };
		AF7FC42727C66E900028720B /* TodoCell.swift */ = {isa = PBXFileReference; lastKnownFileType = sourcecode.swift; path = TodoCell.swift; sourceTree = "<group>"; };
		AF8F492927BF1D0100EF057B /* APILoader.swift */ = {isa = PBXFileReference; lastKnownFileType = sourcecode.swift; path = APILoader.swift; sourceTree = "<group>"; };
		AF8F492F27BF221000EF057B /* APIHandler.swift */ = {isa = PBXFileReference; lastKnownFileType = sourcecode.swift; path = APIHandler.swift; sourceTree = "<group>"; };
		AF8F493127BF31F300EF057B /* Codables.swift */ = {isa = PBXFileReference; lastKnownFileType = sourcecode.swift; path = Codables.swift; sourceTree = "<group>"; };
		AF8F493327BF36BE00EF057B /* PostService.swift */ = {isa = PBXFileReference; lastKnownFileType = sourcecode.swift; path = PostService.swift; sourceTree = "<group>"; };
		AF9FB49327BECC2000BD5D44 /* Constants.swift */ = {isa = PBXFileReference; lastKnownFileType = sourcecode.swift; path = Constants.swift; sourceTree = "<group>"; };
/* End PBXFileReference section */

/* Begin PBXFrameworksBuildPhase section */
		AF759D0E27BB45510028A5A3 /* Frameworks */ = {
			isa = PBXFrameworksBuildPhase;
			buildActionMask = 2147483647;
			files = (
			);
			runOnlyForDeploymentPostprocessing = 0;
		};
/* End PBXFrameworksBuildPhase section */

/* Begin PBXGroup section */
		AF12EE8227C53383005D2CFA /* Coordinators */ = {
			isa = PBXGroup;
			children = (
				AF12EE8327C5339D005D2CFA /* AppCoordinator.swift */,
				AF12EE8527C533E6005D2CFA /* MainCoordinator.swift */,
				AF12EE9527C56251005D2CFA /* PostsCoordinator.swift */,
				AF12EEA127C59379005D2CFA /* PostItemCoordinator.swift */,
				AF7FC41527C65C4E0028720B /* AlbumsCoordinator.swift */,
				AF7FC41F27C66AFB0028720B /* TodosCoordinator.swift */,
			);
			path = Coordinators;
			sourceTree = "<group>";
		};
		AF12EE8927C5354E005D2CFA /* Extensions */ = {
			isa = PBXGroup;
			children = (
				AF12EE8A27C53581005D2CFA /* UIViewController+Extensions.swift */,
				AF12EE9327C5476C005D2CFA /* UIView+Extensions.swift */,
			);
			path = Extensions;
			sourceTree = "<group>";
		};
		AF12EE9027C545FE005D2CFA /* Views */ = {
			isa = PBXGroup;
			children = (
				AF12EE9127C5461A005D2CFA /* MenuCell.swift */,
				AF12EE9B27C57A54005D2CFA /* PostCell.swift */,
				AF7FC41D27C6624F0028720B /* AlbumCell.swift */,
				AF7FC42727C66E900028720B /* TodoCell.swift */,
			);
			path = Views;
			sourceTree = "<group>";
		};
		AF23DF0D27BEFB260031FE2E /* Services */ = {
			isa = PBXGroup;
			children = (
				AF8F493327BF36BE00EF057B /* PostService.swift */,
				AF12EEA327C5BB4E005D2CFA /* AlbumService.swift */,
				AF12EEA527C5BB5D005D2CFA /* TodoService.swift */,
			);
			path = Services;
			sourceTree = "<group>";
		};
		AF23DF0E27BEFB310031FE2E /* ViewModels */ = {
			isa = PBXGroup;
			children = (
				AF04C82927BFDE45007D5C26 /* PostsViewModel.swift */,
				AF12EE8C27C53667005D2CFA /* MainViewModel.swift */,
				AF12EE8E27C53786005D2CFA /* MenuCellViewModel.swift */,
				AF12EE9727C57363005D2CFA /* PostCellViewModel.swift */,
				AF12EE9F27C590F0005D2CFA /* PostItemViewModel.swift */,
				AF7FC41927C660730028720B /* AlbumsViewModel.swift */,
				AF7FC41B27C661840028720B /* AlbumCellViewModel.swift */,
				AF7FC42327C66E670028720B /* TodosViewModel.swift */,
				AF7FC42527C66E7E0028720B /* TodoCellViewModel.swift */,
			);
			path = ViewModels;
			sourceTree = "<group>";
		};
		AF23DF0F27BEFB3B0031FE2E /* Controllers */ = {
			isa = PBXGroup;
			children = (
				AF12EE8727C534D4005D2CFA /* MainViewController.swift */,
				AF12EE9927C57841005D2CFA /* PostsViewController.swift */,
				AF12EE9D27C590B5005D2CFA /* PostItemViewController.swift */,
				AF7FC41727C65EA50028720B /* AlbumsViewController.swift */,
				AF7FC42127C66CF40028720B /* TodosViewController.swift */,
			);
			path = Controllers;
			sourceTree = "<group>";
		};
		AF23DF1027BEFB440031FE2E /* Model */ = {
			isa = PBXGroup;
			children = (
				AF8F493127BF31F300EF057B /* Codables.swift */,
			);
			path = Model;
			sourceTree = "<group>";
		};
		AF23DF1127BEFB490031FE2E /* Networking */ = {
			isa = PBXGroup;
			children = (
				AF8F492927BF1D0100EF057B /* APILoader.swift */,
				AF8F492F27BF221000EF057B /* APIHandler.swift */,
			);
			path = Networking;
			sourceTree = "<group>";
		};
		AF759D0827BB45510028A5A3 = {
			isa = PBXGroup;
			children = (
				AF759D1327BB45510028A5A3 /* FrameworkTest */,
				AF759D1227BB45510028A5A3 /* Products */,
			);
			sourceTree = "<group>";
		};
		AF759D1227BB45510028A5A3 /* Products */ = {
			isa = PBXGroup;
			children = (
				AF759D1127BB45510028A5A3 /* FrameworkTest.app */,
			);
			name = Products;
			sourceTree = "<group>";
		};
		AF759D1327BB45510028A5A3 /* FrameworkTest */ = {
			isa = PBXGroup;
			children = (
				AF12EE8227C53383005D2CFA /* Coordinators */,
				AF23DF0E27BEFB310031FE2E /* ViewModels */,
				AF23DF0F27BEFB3B0031FE2E /* Controllers */,
				AF12EE9027C545FE005D2CFA /* Views */,
				AF12EE8927C5354E005D2CFA /* Extensions */,
				AF23DF1027BEFB440031FE2E /* Model */,
				AF23DF0D27BEFB260031FE2E /* Services */,
				AF23DF1127BEFB490031FE2E /* Networking */,
				AF9FB49227BECB7F00BD5D44 /* Resources */,
				AF759D2527BB45520028A5A3 /* Info.plist */,
				AF759D1D27BB45510028A5A3 /* FrameworkTest.xcdatamodeld */,
				AF12EE8027C52EEC005D2CFA /* CoreDataManager.swift */,
			);
			path = FrameworkTest;
			sourceTree = "<group>";
		};
		AF9FB49227BECB7F00BD5D44 /* Resources */ = {
			isa = PBXGroup;
			children = (
				AF759D1427BB45510028A5A3 /* AppDelegate.swift */,
				AF759D1627BB45510028A5A3 /* SceneDelegate.swift */,
				AF759D1A27BB45510028A5A3 /* Main.storyboard */,
				AF759D2027BB45520028A5A3 /* Assets.xcassets */,
				AF759D2227BB45520028A5A3 /* LaunchScreen.storyboard */,
				AF9FB49327BECC2000BD5D44 /* Constants.swift */,
			);
			path = Resources;
			sourceTree = "<group>";
		};
/* End PBXGroup section */

/* Begin PBXNativeTarget section */
		AF759D1027BB45510028A5A3 /* FrameworkTest */ = {
			isa = PBXNativeTarget;
			buildConfigurationList = AF759D2827BB45520028A5A3 /* Build configuration list for PBXNativeTarget "FrameworkTest" */;
			buildPhases = (
				AF759D0D27BB45510028A5A3 /* Sources */,
				AF759D0E27BB45510028A5A3 /* Frameworks */,
				AF759D0F27BB45510028A5A3 /* Resources */,
			);
			buildRules = (
			);
			dependencies = (
			);
			name = FrameworkTest;
			productName = FrameworkTest;
			productReference = AF759D1127BB45510028A5A3 /* FrameworkTest.app */;
			productType = "com.apple.product-type.application";
		};
/* End PBXNativeTarget section */

/* Begin PBXProject section */
		AF759D0927BB45510028A5A3 /* Project object */ = {
			isa = PBXProject;
			attributes = {
				BuildIndependentTargetsInParallel = 1;
				LastSwiftUpdateCheck = 1320;
				LastUpgradeCheck = 1320;
				TargetAttributes = {
					AF759D1027BB45510028A5A3 = {
						CreatedOnToolsVersion = 13.2.1;
					};
				};
			};
			buildConfigurationList = AF759D0C27BB45510028A5A3 /* Build configuration list for PBXProject "FrameworkTest" */;
			compatibilityVersion = "Xcode 13.0";
			developmentRegion = en;
			hasScannedForEncodings = 0;
			knownRegions = (
				en,
				Base,
			);
			mainGroup = AF759D0827BB45510028A5A3;
			productRefGroup = AF759D1227BB45510028A5A3 /* Products */;
			projectDirPath = "";
			projectRoot = "";
			targets = (
				AF759D1027BB45510028A5A3 /* FrameworkTest */,
			);
		};
/* End PBXProject section */

/* Begin PBXResourcesBuildPhase section */
		AF759D0F27BB45510028A5A3 /* Resources */ = {
			isa = PBXResourcesBuildPhase;
			buildActionMask = 2147483647;
			files = (
				AF759D2427BB45520028A5A3 /* LaunchScreen.storyboard in Resources */,
				AF759D2127BB45520028A5A3 /* Assets.xcassets in Resources */,
				AF759D1C27BB45510028A5A3 /* Main.storyboard in Resources */,
			);
			runOnlyForDeploymentPostprocessing = 0;
		};
/* End PBXResourcesBuildPhase section */

/* Begin PBXSourcesBuildPhase section */
		AF759D0D27BB45510028A5A3 /* Sources */ = {
			isa = PBXSourcesBuildPhase;
			buildActionMask = 2147483647;
			files = (
				AF7FC42227C66CF40028720B /* TodosViewController.swift in Sources */,
				AF7FC42427C66E670028720B /* TodosViewModel.swift in Sources */,
				AF7FC42827C66E900028720B /* TodoCell.swift in Sources */,
				AF9FB49427BECC2000BD5D44 /* Constants.swift in Sources */,
				AF12EE8627C533E6005D2CFA /* MainCoordinator.swift in Sources */,
				AF12EE9E27C590B5005D2CFA /* PostItemViewController.swift in Sources */,
				AF12EEA427C5BB4E005D2CFA /* AlbumService.swift in Sources */,
				AF7FC41827C65EA50028720B /* AlbumsViewController.swift in Sources */,
				AF12EE9427C5476C005D2CFA /* UIView+Extensions.swift in Sources */,
				AF759D1F27BB45510028A5A3 /* FrameworkTest.xcdatamodeld in Sources */,
				AF12EE8427C5339D005D2CFA /* AppCoordinator.swift in Sources */,
				AF7FC41627C65C4E0028720B /* AlbumsCoordinator.swift in Sources */,
				AF12EEA227C59379005D2CFA /* PostItemCoordinator.swift in Sources */,
				AF04C82A27BFDE45007D5C26 /* PostsViewModel.swift in Sources */,
				AF12EE9A27C57841005D2CFA /* PostsViewController.swift in Sources */,
				AF12EEA627C5BB5D005D2CFA /* TodoService.swift in Sources */,
				AF12EE9227C5461A005D2CFA /* MenuCell.swift in Sources */,
				AF7FC42627C66E7E0028720B /* TodoCellViewModel.swift in Sources */,
				AF7FC41A27C660730028720B /* AlbumsViewModel.swift in Sources */,
				AF7FC42027C66AFB0028720B /* TodosCoordinator.swift in Sources */,
				AF759D1527BB45510028A5A3 /* AppDelegate.swift in Sources */,
				AF12EEA027C590F0005D2CFA /* PostItemViewModel.swift in Sources */,
				AF8F493427BF36BE00EF057B /* PostService.swift in Sources */,
				AF12EE8D27C53667005D2CFA /* MainViewModel.swift in Sources */,
				AF12EE8F27C53786005D2CFA /* MenuCellViewModel.swift in Sources */,
				AF12EE9627C56251005D2CFA /* PostsCoordinator.swift in Sources */,
				AF12EE8127C52EEC005D2CFA /* CoreDataManager.swift in Sources */,
				AF12EE8827C534D4005D2CFA /* MainViewController.swift in Sources */,
				AF759D1727BB45510028A5A3 /* SceneDelegate.swift in Sources */,
				AF7FC41C27C661840028720B /* AlbumCellViewModel.swift in Sources */,
				AF8F493027BF221000EF057B /* APIHandler.swift in Sources */,
				AF12EE8B27C53581005D2CFA /* UIViewController+Extensions.swift in Sources */,
				AF7FC41E27C6624F0028720B /* AlbumCell.swift in Sources */,
				AF8F492A27BF1D0100EF057B /* APILoader.swift in Sources */,
				AF12EE9827C57363005D2CFA /* PostCellViewModel.swift in Sources */,
				AF8F493227BF31F300EF057B /* Codables.swift in Sources */,
				AF12EE9C27C57A54005D2CFA /* PostCell.swift in Sources */,
			);
			runOnlyForDeploymentPostprocessing = 0;
		};
/* End PBXSourcesBuildPhase section */

/* Begin PBXVariantGroup section */
		AF759D1A27BB45510028A5A3 /* Main.storyboard */ = {
			isa = PBXVariantGroup;
			children = (
				AF759D1B27BB45510028A5A3 /* Base */,
			);
			name = Main.storyboard;
			sourceTree = "<group>";
		};
		AF759D2227BB45520028A5A3 /* LaunchScreen.storyboard */ = {
			isa = PBXVariantGroup;
			children = (
				AF759D2327BB45520028A5A3 /* Base */,
			);
			name = LaunchScreen.storyboard;
			sourceTree = "<group>";
		};
/* End PBXVariantGroup section */

/* Begin XCBuildConfiguration section */
		AF759D2627BB45520028A5A3 /* Debug */ = {
			isa = XCBuildConfiguration;
			buildSettings = {
				ALWAYS_SEARCH_USER_PATHS = NO;
				CLANG_ANALYZER_NONNULL = YES;
				CLANG_ANALYZER_NUMBER_OBJECT_CONVERSION = YES_AGGRESSIVE;
				CLANG_CXX_LANGUAGE_STANDARD = "gnu++17";
				CLANG_CXX_LIBRARY = "libc++";
				CLANG_ENABLE_MODULES = YES;
				CLANG_ENABLE_OBJC_ARC = YES;
				CLANG_ENABLE_OBJC_WEAK = YES;
				CLANG_WARN_BLOCK_CAPTURE_AUTORELEASING = YES;
				CLANG_WARN_BOOL_CONVERSION = YES;
				CLANG_WARN_COMMA = YES;
				CLANG_WARN_CONSTANT_CONVERSION = YES;
				CLANG_WARN_DEPRECATED_OBJC_IMPLEMENTATIONS = YES;
				CLANG_WARN_DIRECT_OBJC_ISA_USAGE = YES_ERROR;
				CLANG_WARN_DOCUMENTATION_COMMENTS = YES;
				CLANG_WARN_EMPTY_BODY = YES;
				CLANG_WARN_ENUM_CONVERSION = YES;
				CLANG_WARN_INFINITE_RECURSION = YES;
				CLANG_WARN_INT_CONVERSION = YES;
				CLANG_WARN_NON_LITERAL_NULL_CONVERSION = YES;
				CLANG_WARN_OBJC_IMPLICIT_RETAIN_SELF = YES;
				CLANG_WARN_OBJC_LITERAL_CONVERSION = YES;
				CLANG_WARN_OBJC_ROOT_CLASS = YES_ERROR;
				CLANG_WARN_QUOTED_INCLUDE_IN_FRAMEWORK_HEADER = YES;
				CLANG_WARN_RANGE_LOOP_ANALYSIS = YES;
				CLANG_WARN_STRICT_PROTOTYPES = YES;
				CLANG_WARN_SUSPICIOUS_MOVE = YES;
				CLANG_WARN_UNGUARDED_AVAILABILITY = YES_AGGRESSIVE;
				CLANG_WARN_UNREACHABLE_CODE = YES;
				CLANG_WARN__DUPLICATE_METHOD_MATCH = YES;
				COPY_PHASE_STRIP = NO;
				DEBUG_INFORMATION_FORMAT = dwarf;
				ENABLE_STRICT_OBJC_MSGSEND = YES;
				ENABLE_TESTABILITY = YES;
				GCC_C_LANGUAGE_STANDARD = gnu11;
				GCC_DYNAMIC_NO_PIC = NO;
				GCC_NO_COMMON_BLOCKS = YES;
				GCC_OPTIMIZATION_LEVEL = 0;
				GCC_PREPROCESSOR_DEFINITIONS = (
					"DEBUG=1",
					"$(inherited)",
				);
				GCC_WARN_64_TO_32_BIT_CONVERSION = YES;
				GCC_WARN_ABOUT_RETURN_TYPE = YES_ERROR;
				GCC_WARN_UNDECLARED_SELECTOR = YES;
				GCC_WARN_UNINITIALIZED_AUTOS = YES_AGGRESSIVE;
				GCC_WARN_UNUSED_FUNCTION = YES;
				GCC_WARN_UNUSED_VARIABLE = YES;
				IPHONEOS_DEPLOYMENT_TARGET = 15.2;
				MTL_ENABLE_DEBUG_INFO = INCLUDE_SOURCE;
				MTL_FAST_MATH = YES;
				ONLY_ACTIVE_ARCH = YES;
				SDKROOT = iphoneos;
				SWIFT_ACTIVE_COMPILATION_CONDITIONS = DEBUG;
				SWIFT_OPTIMIZATION_LEVEL = "-Onone";
			};
			name = Debug;
		};
		AF759D2727BB45520028A5A3 /* Release */ = {
			isa = XCBuildConfiguration;
			buildSettings = {
				ALWAYS_SEARCH_USER_PATHS = NO;
				CLANG_ANALYZER_NONNULL = YES;
				CLANG_ANALYZER_NUMBER_OBJECT_CONVERSION = YES_AGGRESSIVE;
				CLANG_CXX_LANGUAGE_STANDARD = "gnu++17";
				CLANG_CXX_LIBRARY = "libc++";
				CLANG_ENABLE_MODULES = YES;
				CLANG_ENABLE_OBJC_ARC = YES;
				CLANG_ENABLE_OBJC_WEAK = YES;
				CLANG_WARN_BLOCK_CAPTURE_AUTORELEASING = YES;
				CLANG_WARN_BOOL_CONVERSION = YES;
				CLANG_WARN_COMMA = YES;
				CLANG_WARN_CONSTANT_CONVERSION = YES;
				CLANG_WARN_DEPRECATED_OBJC_IMPLEMENTATIONS = YES;
				CLANG_WARN_DIRECT_OBJC_ISA_USAGE = YES_ERROR;
				CLANG_WARN_DOCUMENTATION_COMMENTS = YES;
				CLANG_WARN_EMPTY_BODY = YES;
				CLANG_WARN_ENUM_CONVERSION = YES;
				CLANG_WARN_INFINITE_RECURSION = YES;
				CLANG_WARN_INT_CONVERSION = YES;
				CLANG_WARN_NON_LITERAL_NULL_CONVERSION = YES;
				CLANG_WARN_OBJC_IMPLICIT_RETAIN_SELF = YES;
				CLANG_WARN_OBJC_LITERAL_CONVERSION = YES;
				CLANG_WARN_OBJC_ROOT_CLASS = YES_ERROR;
				CLANG_WARN_QUOTED_INCLUDE_IN_FRAMEWORK_HEADER = YES;
				CLANG_WARN_RANGE_LOOP_ANALYSIS = YES;
				CLANG_WARN_STRICT_PROTOTYPES = YES;
				CLANG_WARN_SUSPICIOUS_MOVE = YES;
				CLANG_WARN_UNGUARDED_AVAILABILITY = YES_AGGRESSIVE;
				CLANG_WARN_UNREACHABLE_CODE = YES;
				CLANG_WARN__DUPLICATE_METHOD_MATCH = YES;
				COPY_PHASE_STRIP = NO;
				DEBUG_INFORMATION_FORMAT = "dwarf-with-dsym";
				ENABLE_NS_ASSERTIONS = NO;
				ENABLE_STRICT_OBJC_MSGSEND = YES;
				GCC_C_LANGUAGE_STANDARD = gnu11;
				GCC_NO_COMMON_BLOCKS = YES;
				GCC_WARN_64_TO_32_BIT_CONVERSION = YES;
				GCC_WARN_ABOUT_RETURN_TYPE = YES_ERROR;
				GCC_WARN_UNDECLARED_SELECTOR = YES;
				GCC_WARN_UNINITIALIZED_AUTOS = YES_AGGRESSIVE;
				GCC_WARN_UNUSED_FUNCTION = YES;
				GCC_WARN_UNUSED_VARIABLE = YES;
				IPHONEOS_DEPLOYMENT_TARGET = 15.2;
				MTL_ENABLE_DEBUG_INFO = NO;
				MTL_FAST_MATH = YES;
				SDKROOT = iphoneos;
				SWIFT_COMPILATION_MODE = wholemodule;
				SWIFT_OPTIMIZATION_LEVEL = "-O";
				VALIDATE_PRODUCT = YES;
			};
			name = Release;
		};
		AF759D2927BB45520028A5A3 /* Debug */ = {
			isa = XCBuildConfiguration;
			buildSettings = {
				ASSETCATALOG_COMPILER_APPICON_NAME = AppIcon;
				ASSETCATALOG_COMPILER_GLOBAL_ACCENT_COLOR_NAME = AccentColor;
				CODE_SIGN_STYLE = Automatic;
				CURRENT_PROJECT_VERSION = 1;
				DEVELOPMENT_TEAM = 86HAV2WKA7;
				GENERATE_INFOPLIST_FILE = YES;
				INFOPLIST_FILE = FrameworkTest/Info.plist;
				INFOPLIST_KEY_UIApplicationSupportsIndirectInputEvents = YES;
				INFOPLIST_KEY_UILaunchStoryboardName = LaunchScreen;
				INFOPLIST_KEY_UIMainStoryboardFile = Main;
				INFOPLIST_KEY_UISupportedInterfaceOrientations_iPad = "UIInterfaceOrientationPortrait UIInterfaceOrientationPortraitUpsideDown UIInterfaceOrientationLandscapeLeft UIInterfaceOrientationLandscapeRight";
				INFOPLIST_KEY_UISupportedInterfaceOrientations_iPhone = "UIInterfaceOrientationPortrait UIInterfaceOrientationLandscapeLeft UIInterfaceOrientationLandscapeRight";
				LD_RUNPATH_SEARCH_PATHS = (
					"$(inherited)",
					"@executable_path/Frameworks",
				);
				MARKETING_VERSION = 1.0;
				PRODUCT_BUNDLE_IDENTIFIER = "Rafael-Ortiz.FrameworkTest";
				PRODUCT_NAME = "$(TARGET_NAME)";
				SWIFT_EMIT_LOC_STRINGS = YES;
				SWIFT_VERSION = 5.0;
				TARGETED_DEVICE_FAMILY = "1,2";
			};
			name = Debug;
		};
		AF759D2A27BB45520028A5A3 /* Release */ = {
			isa = XCBuildConfiguration;
			buildSettings = {
				ASSETCATALOG_COMPILER_APPICON_NAME = AppIcon;
				ASSETCATALOG_COMPILER_GLOBAL_ACCENT_COLOR_NAME = AccentColor;
				CODE_SIGN_STYLE = Automatic;
				CURRENT_PROJECT_VERSION = 1;
				DEVELOPMENT_TEAM = 86HAV2WKA7;
				GENERATE_INFOPLIST_FILE = YES;
				INFOPLIST_FILE = FrameworkTest/Info.plist;
				INFOPLIST_KEY_UIApplicationSupportsIndirectInputEvents = YES;
				INFOPLIST_KEY_UILaunchStoryboardName = LaunchScreen;
				INFOPLIST_KEY_UIMainStoryboardFile = Main;
				INFOPLIST_KEY_UISupportedInterfaceOrientations_iPad = "UIInterfaceOrientationPortrait UIInterfaceOrientationPortraitUpsideDown UIInterfaceOrientationLandscapeLeft UIInterfaceOrientationLandscapeRight";
				INFOPLIST_KEY_UISupportedInterfaceOrientations_iPhone = "UIInterfaceOrientationPortrait UIInterfaceOrientationLandscapeLeft UIInterfaceOrientationLandscapeRight";
				LD_RUNPATH_SEARCH_PATHS = (
					"$(inherited)",
					"@executable_path/Frameworks",
				);
				MARKETING_VERSION = 1.0;
				PRODUCT_BUNDLE_IDENTIFIER = "Rafael-Ortiz.FrameworkTest";
				PRODUCT_NAME = "$(TARGET_NAME)";
				SWIFT_EMIT_LOC_STRINGS = YES;
				SWIFT_VERSION = 5.0;
				TARGETED_DEVICE_FAMILY = "1,2";
			};
			name = Release;
		};
/* End XCBuildConfiguration section */

/* Begin XCConfigurationList section */
		AF759D0C27BB45510028A5A3 /* Build configuration list for PBXProject "FrameworkTest" */ = {
			isa = XCConfigurationList;
			buildConfigurations = (
				AF759D2627BB45520028A5A3 /* Debug */,
				AF759D2727BB45520028A5A3 /* Release */,
			);
			defaultConfigurationIsVisible = 0;
			defaultConfigurationName = Release;
		};
		AF759D2827BB45520028A5A3 /* Build configuration list for PBXNativeTarget "FrameworkTest" */ = {
			isa = XCConfigurationList;
			buildConfigurations = (
				AF759D2927BB45520028A5A3 /* Debug */,
				AF759D2A27BB45520028A5A3 /* Release */,
			);
			defaultConfigurationIsVisible = 0;
			defaultConfigurationName = Release;
		};
/* End XCConfigurationList section */

/* Begin XCVersionGroup section */
		AF759D1D27BB45510028A5A3 /* FrameworkTest.xcdatamodeld */ = {
			isa = XCVersionGroup;
			children = (
				AF759D1E27BB45510028A5A3 /* FrameworkTest.xcdatamodel */,
			);
			currentVersion = AF759D1E27BB45510028A5A3 /* FrameworkTest.xcdatamodel */;
			path = FrameworkTest.xcdatamodeld;
			sourceTree = "<group>";
			versionGroupType = wrapper.xcdatamodel;
		};
/* End XCVersionGroup section */
	};
	rootObject = AF759D0927BB45510028A5A3 /* Project object */;
}
